
Microsoft Visual Studio Solution File, Format Version 12.00
# Visual Studio Version 17
VisualStudioVersion = 17.3.32825.248
MinimumVisualStudioVersion = 10.0.40219.1
Project("{9A19103F-16F7-4668-BE54-9A1E7A4F7556}") = "alerterTestLib", "alerterTestLib\alerterTestLib.csproj", "{E1C17C9E-EAB6-42BA-BC85-6C4FEA69E143}"
EndProject
Project("{9A19103F-16F7-4668-BE54-9A1E7A4F7556}") = "testwebApi", "testwebApi\testwebApi.csproj", "{487D3A37-1923-4A67-95D4-3EAF3FB8DD84}"
EndProject
Project("{2150E333-8FDC-42A3-9474-1A3956D46DE8}") = "Solution Items", "Solution Items", "{1B4E4709-2519-4F3C-958F-4664FFED4D97}"
	ProjectSection(SolutionItems) = preProject
		.editorconfig = .editorconfig
	EndProjectSection
EndProject
Project("{FAE04EC0-301F-11D3-BF4B-00C04F79EFBC}") = "UnitTest.AlerterClass", "UnitTest.AlerterClass\UnitTest.AlerterClass.csproj", "{EE23279D-E009-4299-A568-B1C40F4EAA37}"
EndProject
Global
	GlobalSection(SolutionConfigurationPlatforms) = preSolution
		Debug|Any CPU = Debug|Any CPU
		Release|Any CPU = Release|Any CPU
	EndGlobalSection
	GlobalSection(ProjectConfigurationPlatforms) = postSolution
		{E1C17C9E-EAB6-42BA-BC85-6C4FEA69E143}.Debug|Any CPU.ActiveCfg = Debug|Any CPU
		{E1C17C9E-EAB6-42BA-BC85-6C4FEA69E143}.Debug|Any CPU.Build.0 = Debug|Any CPU
		{E1C17C9E-EAB6-42BA-BC85-6C4FEA69E143}.Release|Any CPU.ActiveCfg = Release|Any CPU
		{E1C17C9E-EAB6-42BA-BC85-6C4FEA69E143}.Release|Any CPU.Build.0 = Release|Any CPU
		{487D3A37-1923-4A67-95D4-3EAF3FB8DD84}.Debug|Any CPU.ActiveCfg = Debug|Any CPU
		{487D3A37-1923-4A67-95D4-3EAF3FB8DD84}.Debug|Any CPU.Build.0 = Debug|Any CPU
		{487D3A37-1923-4A67-95D4-3EAF3FB8DD84}.Release|Any CPU.ActiveCfg = Release|Any CPU
		{487D3A37-1923-4A67-95D4-3EAF3FB8DD84}.Release|Any CPU.Build.0 = Release|Any CPU
		{EE23279D-E009-4299-A568-B1C40F4EAA37}.Debug|Any CPU.ActiveCfg = Debug|Any CPU
		{EE23279D-E009-4299-A568-B1C40F4EAA37}.Debug|Any CPU.Build.0 = Debug|Any CPU
		{EE23279D-E009-4299-A568-B1C40F4EAA37}.Release|Any CPU.ActiveCfg = Release|Any CPU
		{EE23279D-E009-4299-A568-B1C40F4EAA37}.Release|Any CPU.Build.0 = Release|Any CPU
	EndGlobalSection
	GlobalSection(SolutionProperties) = preSolution
		HideSolutionNode = FALSE
	EndGlobalSection
	GlobalSection(ExtensibilityGlobals) = postSolution
		SolutionGuid = {94B80B6E-0232-4E6B-BF37-31F3455ED7FC}
	EndGlobalSection
EndGlobal
